// !$*UTF8*$!
{
	archiveVersion = 1;
	classes = {
	};
	objectVersion = 46;
	objects = {

/* Begin PBXBuildFile section */
		BD2A8496151FEC3400321E73 /* Foundation.framework in Frameworks */ = {isa = PBXBuildFile; fileRef = BD2A8495151FEC3400321E73 /* Foundation.framework */; };
		BD2A8498151FEC3400321E73 /* UIKit.framework in Frameworks */ = {isa = PBXBuildFile; fileRef = BD2A8497151FEC3400321E73 /* UIKit.framework */; };
		BD2A849A151FEC3400321E73 /* CoreGraphics.framework in Frameworks */ = {isa = PBXBuildFile; fileRef = BD2A8499151FEC3400321E73 /* CoreGraphics.framework */; };
		BD2A849C151FEC3400321E73 /* AddressBook.framework in Frameworks */ = {isa = PBXBuildFile; fileRef = BD2A849B151FEC3400321E73 /* AddressBook.framework */; };
		BD2A849E151FEC3400321E73 /* AddressBookUI.framework in Frameworks */ = {isa = PBXBuildFile; fileRef = BD2A849D151FEC3400321E73 /* AddressBookUI.framework */; };
		BD2A84A0151FEC3400321E73 /* AudioToolbox.framework in Frameworks */ = {isa = PBXBuildFile; fileRef = BD2A849F151FEC3400321E73 /* AudioToolbox.framework */; };
		BD2A84A2151FEC3400321E73 /* AVFoundation.framework in Frameworks */ = {isa = PBXBuildFile; fileRef = BD2A84A1151FEC3400321E73 /* AVFoundation.framework */; };
		BD2A84A4151FEC3400321E73 /* CoreLocation.framework in Frameworks */ = {isa = PBXBuildFile; fileRef = BD2A84A3151FEC3400321E73 /* CoreLocation.framework */; };
		BD2A84A6151FEC3400321E73 /* MediaPlayer.framework in Frameworks */ = {isa = PBXBuildFile; fileRef = BD2A84A5151FEC3400321E73 /* MediaPlayer.framework */; };
		BD2A84A8151FEC3400321E73 /* QuartzCore.framework in Frameworks */ = {isa = PBXBuildFile; fileRef = BD2A84A7151FEC3400321E73 /* QuartzCore.framework */; };
		BD2A84AA151FEC3400321E73 /* SystemConfiguration.framework in Frameworks */ = {isa = PBXBuildFile; fileRef = BD2A84A9151FEC3400321E73 /* SystemConfiguration.framework */; };
		BD2A84AC151FEC3400321E73 /* MobileCoreServices.framework in Frameworks */ = {isa = PBXBuildFile; fileRef = BD2A84AB151FEC3400321E73 /* MobileCoreServices.framework */; };
		BD2A84AE151FEC3400321E73 /* CoreMedia.framework in Frameworks */ = {isa = PBXBuildFile; fileRef = BD2A84AD151FEC3400321E73 /* CoreMedia.framework */; };
		BD2A84B4151FEC3400321E73 /* InfoPlist.strings in Resources */ = {isa = PBXBuildFile; fileRef = BD2A84B2151FEC3400321E73 /* InfoPlist.strings */; };
		BD2A84B6151FEC3400321E73 /* main.m in Sources */ = {isa = PBXBuildFile; fileRef = BD2A84B5151FEC3400321E73 /* main.m */; };
		BD2A84B9151FEC3400321E73 /* Cordova.framework in Frameworks */ = {isa = PBXBuildFile; fileRef = BD2A84B8151FEC3400321E73 /* Cordova.framework */; };
		BD2A84BE151FEC3400321E73 /* Localizable.strings in Resources */ = {isa = PBXBuildFile; fileRef = BD2A84BC151FEC3400321E73 /* Localizable.strings */; };
		BD2A84C2151FEC3400321E73 /* Localizable.strings in Resources */ = {isa = PBXBuildFile; fileRef = BD2A84C0151FEC3400321E73 /* Localizable.strings */; };
		BD2A84C6151FEC3400321E73 /* Localizable.strings in Resources */ = {isa = PBXBuildFile; fileRef = BD2A84C4151FEC3400321E73 /* Localizable.strings */; };
		BD2A84CA151FEC3400321E73 /* Localizable.strings in Resources */ = {isa = PBXBuildFile; fileRef = BD2A84C8151FEC3400321E73 /* Localizable.strings */; };
		BD2A84CD151FEC3400321E73 /* icon.png in Resources */ = {isa = PBXBuildFile; fileRef = BD2A84CC151FEC3400321E73 /* icon.png */; };
		BD2A84CF151FEC3400321E73 /* icon@2x.png in Resources */ = {isa = PBXBuildFile; fileRef = BD2A84CE151FEC3400321E73 /* icon@2x.png */; };
		BD2A84D1151FEC3400321E73 /* icon-72.png in Resources */ = {isa = PBXBuildFile; fileRef = BD2A84D0151FEC3400321E73 /* icon-72.png */; };
		BD2A84D4151FEC3400321E73 /* Default.png in Resources */ = {isa = PBXBuildFile; fileRef = BD2A84D3151FEC3400321E73 /* Default.png */; };
		BD2A84D6151FEC3400321E73 /* Default@2x.png in Resources */ = {isa = PBXBuildFile; fileRef = BD2A84D5151FEC3400321E73 /* Default@2x.png */; };
		BD2A84D8151FEC3400321E73 /* Capture.bundle in Resources */ = {isa = PBXBuildFile; fileRef = BD2A84D7151FEC3400321E73 /* Capture.bundle */; };
		BD2A84DA151FEC3400321E73 /* Cordova.plist in Resources */ = {isa = PBXBuildFile; fileRef = BD2A84D9151FEC3400321E73 /* Cordova.plist */; };
		BD2A84DE151FEC3400321E73 /* AppDelegate.m in Sources */ = {isa = PBXBuildFile; fileRef = BD2A84DD151FEC3400321E73 /* AppDelegate.m */; };
		BD2A84E1151FEC3400321E73 /* MainViewController.m in Sources */ = {isa = PBXBuildFile; fileRef = BD2A84E0151FEC3400321E73 /* MainViewController.m */; };
		BD2A84E3151FEC3400321E73 /* MainViewController.xib in Resources */ = {isa = PBXBuildFile; fileRef = BD2A84E2151FEC3400321E73 /* MainViewController.xib */; };
		BD2A84E7151FEC3400321E73 /* verify.sh in Resources */ = {isa = PBXBuildFile; fileRef = BD2A84E6151FEC3400321E73 /* verify.sh */; };
		BD2A84EE151FECBD00321E73 /* www in Resources */ = {isa = PBXBuildFile; fileRef = BD2A84ED151FECBD00321E73 /* www */; };
		BDC5FE6415265D440058A299 /* test.jpg in Resources */ = {isa = PBXBuildFile; fileRef = BDC5FE6315265D440058A299 /* test.jpg */; };
		BDC5FE6C152749660058A299 /* NSString+NSStringAdditions.m in Sources */ = {isa = PBXBuildFile; fileRef = BDC5FE6B152749660058A299 /* NSString+NSStringAdditions.m */; };
		BDC5FE7715277E900058A299 /* FlickrAVCaptureStream.m in Sources */ = {isa = PBXBuildFile; fileRef = BDC5FE7415277E900058A299 /* FlickrAVCaptureStream.m */; };
		BDC5FE7815277E900058A299 /* FlickrStreamCaptureViewController.m in Sources */ = {isa = PBXBuildFile; fileRef = BDC5FE7615277E900058A299 /* FlickrStreamCaptureViewController.m */; };
		BDC5FE811527938E0058A299 /* CoreVideo.framework in Frameworks */ = {isa = PBXBuildFile; fileRef = BDC5FE801527938E0058A299 /* CoreVideo.framework */; };
		BDC5FE8D1527ADC20058A299 /* FlickrStreamCaptureProcessor.m in Sources */ = {isa = PBXBuildFile; fileRef = BDC5FE8C1527ADC20058A299 /* FlickrStreamCaptureProcessor.m */; };
/* End PBXBuildFile section */

/* Begin PBXFileReference section */
		BD2A8491151FEC3400321E73 /* flickr-stream.app */ = {isa = PBXFileReference; explicitFileType = wrapper.application; includeInIndex = 0; path = "flickr-stream.app"; sourceTree = BUILT_PRODUCTS_DIR; };
		BD2A8495151FEC3400321E73 /* Foundation.framework */ = {isa = PBXFileReference; lastKnownFileType = wrapper.framework; name = Foundation.framework; path = System/Library/Frameworks/Foundation.framework; sourceTree = SDKROOT; };
		BD2A8497151FEC3400321E73 /* UIKit.framework */ = {isa = PBXFileReference; lastKnownFileType = wrapper.framework; name = UIKit.framework; path = System/Library/Frameworks/UIKit.framework; sourceTree = SDKROOT; };
		BD2A8499151FEC3400321E73 /* CoreGraphics.framework */ = {isa = PBXFileReference; lastKnownFileType = wrapper.framework; name = CoreGraphics.framework; path = System/Library/Frameworks/CoreGraphics.framework; sourceTree = SDKROOT; };
		BD2A849B151FEC3400321E73 /* AddressBook.framework */ = {isa = PBXFileReference; lastKnownFileType = wrapper.framework; name = AddressBook.framework; path = System/Library/Frameworks/AddressBook.framework; sourceTree = SDKROOT; };
		BD2A849D151FEC3400321E73 /* AddressBookUI.framework */ = {isa = PBXFileReference; lastKnownFileType = wrapper.framework; name = AddressBookUI.framework; path = System/Library/Frameworks/AddressBookUI.framework; sourceTree = SDKROOT; };
		BD2A849F151FEC3400321E73 /* AudioToolbox.framework */ = {isa = PBXFileReference; lastKnownFileType = wrapper.framework; name = AudioToolbox.framework; path = System/Library/Frameworks/AudioToolbox.framework; sourceTree = SDKROOT; };
		BD2A84A1151FEC3400321E73 /* AVFoundation.framework */ = {isa = PBXFileReference; lastKnownFileType = wrapper.framework; name = AVFoundation.framework; path = System/Library/Frameworks/AVFoundation.framework; sourceTree = SDKROOT; };
		BD2A84A3151FEC3400321E73 /* CoreLocation.framework */ = {isa = PBXFileReference; lastKnownFileType = wrapper.framework; name = CoreLocation.framework; path = System/Library/Frameworks/CoreLocation.framework; sourceTree = SDKROOT; };
		BD2A84A5151FEC3400321E73 /* MediaPlayer.framework */ = {isa = PBXFileReference; lastKnownFileType = wrapper.framework; name = MediaPlayer.framework; path = System/Library/Frameworks/MediaPlayer.framework; sourceTree = SDKROOT; };
		BD2A84A7151FEC3400321E73 /* QuartzCore.framework */ = {isa = PBXFileReference; lastKnownFileType = wrapper.framework; name = QuartzCore.framework; path = System/Library/Frameworks/QuartzCore.framework; sourceTree = SDKROOT; };
		BD2A84A9151FEC3400321E73 /* SystemConfiguration.framework */ = {isa = PBXFileReference; lastKnownFileType = wrapper.framework; name = SystemConfiguration.framework; path = System/Library/Frameworks/SystemConfiguration.framework; sourceTree = SDKROOT; };
		BD2A84AB151FEC3400321E73 /* MobileCoreServices.framework */ = {isa = PBXFileReference; lastKnownFileType = wrapper.framework; name = MobileCoreServices.framework; path = System/Library/Frameworks/MobileCoreServices.framework; sourceTree = SDKROOT; };
		BD2A84AD151FEC3400321E73 /* CoreMedia.framework */ = {isa = PBXFileReference; lastKnownFileType = wrapper.framework; name = CoreMedia.framework; path = System/Library/Frameworks/CoreMedia.framework; sourceTree = SDKROOT; };
		BD2A84B1151FEC3400321E73 /* flickr-stream-Info.plist */ = {isa = PBXFileReference; lastKnownFileType = text.plist.xml; path = "flickr-stream-Info.plist"; sourceTree = "<group>"; };
		BD2A84B3151FEC3400321E73 /* en */ = {isa = PBXFileReference; lastKnownFileType = text.plist.strings; name = en; path = en.lproj/InfoPlist.strings; sourceTree = "<group>"; };
		BD2A84B5151FEC3400321E73 /* main.m */ = {isa = PBXFileReference; lastKnownFileType = sourcecode.c.objc; path = main.m; sourceTree = "<group>"; };
		BD2A84B7151FEC3400321E73 /* flickr-stream-Prefix.pch */ = {isa = PBXFileReference; lastKnownFileType = sourcecode.c.h; path = "flickr-stream-Prefix.pch"; sourceTree = "<group>"; };
		BD2A84B8151FEC3400321E73 /* Cordova.framework */ = {isa = PBXFileReference; lastKnownFileType = wrapper.framework; name = Cordova.framework; path = /Users/Shared/Cordova/Frameworks/Cordova.framework; sourceTree = "<absolute>"; };
		BD2A84BD151FEC3400321E73 /* en */ = {isa = PBXFileReference; lastKnownFileType = text.plist.strings; name = en; path = Resources/en.lproj/Localizable.strings; sourceTree = "<group>"; };
		BD2A84C1151FEC3400321E73 /* es */ = {isa = PBXFileReference; lastKnownFileType = text.plist.strings; name = es; path = Resources/es.lproj/Localizable.strings; sourceTree = "<group>"; };
		BD2A84C5151FEC3400321E73 /* de */ = {isa = PBXFileReference; lastKnownFileType = text.plist.strings; name = de; path = Resources/de.lproj/Localizable.strings; sourceTree = "<group>"; };
		BD2A84C9151FEC3400321E73 /* se */ = {isa = PBXFileReference; lastKnownFileType = text.plist.strings; name = se; path = Resources/se.lproj/Localizable.strings; sourceTree = "<group>"; };
		BD2A84CC151FEC3400321E73 /* icon.png */ = {isa = PBXFileReference; lastKnownFileType = image.png; name = icon.png; path = Resources/icons/icon.png; sourceTree = "<group>"; };
		BD2A84CE151FEC3400321E73 /* icon@2x.png */ = {isa = PBXFileReference; lastKnownFileType = image.png; name = "icon@2x.png"; path = "Resources/icons/icon@2x.png"; sourceTree = "<group>"; };
		BD2A84D0151FEC3400321E73 /* icon-72.png */ = {isa = PBXFileReference; lastKnownFileType = image.png; name = "icon-72.png"; path = "Resources/icons/icon-72.png"; sourceTree = "<group>"; };
		BD2A84D3151FEC3400321E73 /* Default.png */ = {isa = PBXFileReference; lastKnownFileType = image.png; name = Default.png; path = Resources/splash/Default.png; sourceTree = "<group>"; };
		BD2A84D5151FEC3400321E73 /* Default@2x.png */ = {isa = PBXFileReference; lastKnownFileType = image.png; name = "Default@2x.png"; path = "Resources/splash/Default@2x.png"; sourceTree = "<group>"; };
		BD2A84D7151FEC3400321E73 /* Capture.bundle */ = {isa = PBXFileReference; lastKnownFileType = "wrapper.plug-in"; name = Capture.bundle; path = Resources/Capture.bundle; sourceTree = "<group>"; };
		BD2A84D9151FEC3400321E73 /* Cordova.plist */ = {isa = PBXFileReference; lastKnownFileType = text.plist.xml; path = Cordova.plist; sourceTree = "<group>"; };
		BD2A84DC151FEC3400321E73 /* AppDelegate.h */ = {isa = PBXFileReference; lastKnownFileType = sourcecode.c.h; name = AppDelegate.h; path = Classes/AppDelegate.h; sourceTree = "<group>"; };
		BD2A84DD151FEC3400321E73 /* AppDelegate.m */ = {isa = PBXFileReference; lastKnownFileType = sourcecode.c.objc; name = AppDelegate.m; path = Classes/AppDelegate.m; sourceTree = "<group>"; };
		BD2A84DF151FEC3400321E73 /* MainViewController.h */ = {isa = PBXFileReference; lastKnownFileType = sourcecode.c.h; name = MainViewController.h; path = Classes/MainViewController.h; sourceTree = "<group>"; };
		BD2A84E0151FEC3400321E73 /* MainViewController.m */ = {isa = PBXFileReference; lastKnownFileType = sourcecode.c.objc; name = MainViewController.m; path = Classes/MainViewController.m; sourceTree = "<group>"; };
		BD2A84E2151FEC3400321E73 /* MainViewController.xib */ = {isa = PBXFileReference; lastKnownFileType = file.xib; name = MainViewController.xib; path = Classes/MainViewController.xib; sourceTree = "<group>"; };
		BD2A84E5151FEC3400321E73 /* README */ = {isa = PBXFileReference; lastKnownFileType = text; name = README; path = Plugins/README; sourceTree = "<group>"; };
		BD2A84E6151FEC3400321E73 /* verify.sh */ = {isa = PBXFileReference; lastKnownFileType = text.script.sh; path = verify.sh; sourceTree = "<group>"; };
		BD2A84ED151FECBD00321E73 /* www */ = {isa = PBXFileReference; lastKnownFileType = folder; path = www; sourceTree = "<group>"; };
		BDC5FE6315265D440058A299 /* test.jpg */ = {isa = PBXFileReference; lastKnownFileType = image.jpeg; path = test.jpg; sourceTree = "<group>"; };
		BDC5FE6A152749660058A299 /* NSString+NSStringAdditions.h */ = {isa = PBXFileReference; fileEncoding = 4; lastKnownFileType = sourcecode.c.h; name = "NSString+NSStringAdditions.h"; path = "Classes/NSString+NSStringAdditions.h"; sourceTree = "<group>"; };
		BDC5FE6B152749660058A299 /* NSString+NSStringAdditions.m */ = {isa = PBXFileReference; fileEncoding = 4; lastKnownFileType = sourcecode.c.objc; name = "NSString+NSStringAdditions.m"; path = "Classes/NSString+NSStringAdditions.m"; sourceTree = "<group>"; };
		BDC5FE7315277E900058A299 /* FlickrAVCaptureStream.h */ = {isa = PBXFileReference; fileEncoding = 4; lastKnownFileType = sourcecode.c.h; name = FlickrAVCaptureStream.h; path = Plugins/FlickrAVCaptureStream.h; sourceTree = "<group>"; };
		BDC5FE7415277E900058A299 /* FlickrAVCaptureStream.m */ = {isa = PBXFileReference; fileEncoding = 4; lastKnownFileType = sourcecode.c.objc; name = FlickrAVCaptureStream.m; path = Plugins/FlickrAVCaptureStream.m; sourceTree = "<group>"; };
		BDC5FE7515277E900058A299 /* FlickrStreamCaptureViewController.h */ = {isa = PBXFileReference; fileEncoding = 4; lastKnownFileType = sourcecode.c.h; name = FlickrStreamCaptureViewController.h; path = Plugins/FlickrStreamCaptureViewController.h; sourceTree = "<group>"; };
		BDC5FE7615277E900058A299 /* FlickrStreamCaptureViewController.m */ = {isa = PBXFileReference; fileEncoding = 4; lastKnownFileType = sourcecode.c.objc; name = FlickrStreamCaptureViewController.m; path = Plugins/FlickrStreamCaptureViewController.m; sourceTree = "<group>"; };
		BDC5FE801527938E0058A299 /* CoreVideo.framework */ = {isa = PBXFileReference; lastKnownFileType = wrapper.framework; name = CoreVideo.framework; path = System/Library/Frameworks/CoreVideo.framework; sourceTree = SDKROOT; };
		BDC5FE8B1527ADC20058A299 /* FlickrStreamCaptureProcessor.h */ = {isa = PBXFileReference; fileEncoding = 4; lastKnownFileType = sourcecode.c.h; name = FlickrStreamCaptureProcessor.h; path = Plugins/FlickrStreamCaptureProcessor.h; sourceTree = "<group>"; };
		BDC5FE8C1527ADC20058A299 /* FlickrStreamCaptureProcessor.m */ = {isa = PBXFileReference; fileEncoding = 4; lastKnownFileType = sourcecode.c.objc; name = FlickrStreamCaptureProcessor.m; path = Plugins/FlickrStreamCaptureProcessor.m; sourceTree = "<group>"; };
/* End PBXFileReference section */

/* Begin PBXFrameworksBuildPhase section */
		BD2A848B151FEC3400321E73 /* Frameworks */ = {
			isa = PBXFrameworksBuildPhase;
			buildActionMask = 2147483647;
			files = (
				BDC5FE811527938E0058A299 /* CoreVideo.framework in Frameworks */,
				BD2A8496151FEC3400321E73 /* Foundation.framework in Frameworks */,
				BD2A8498151FEC3400321E73 /* UIKit.framework in Frameworks */,
				BD2A849A151FEC3400321E73 /* CoreGraphics.framework in Frameworks */,
				BD2A849C151FEC3400321E73 /* AddressBook.framework in Frameworks */,
				BD2A849E151FEC3400321E73 /* AddressBookUI.framework in Frameworks */,
				BD2A84A0151FEC3400321E73 /* AudioToolbox.framework in Frameworks */,
				BD2A84A2151FEC3400321E73 /* AVFoundation.framework in Frameworks */,
				BD2A84A4151FEC3400321E73 /* CoreLocation.framework in Frameworks */,
				BD2A84A6151FEC3400321E73 /* MediaPlayer.framework in Frameworks */,
				BD2A84A8151FEC3400321E73 /* QuartzCore.framework in Frameworks */,
				BD2A84AA151FEC3400321E73 /* SystemConfiguration.framework in Frameworks */,
				BD2A84AC151FEC3400321E73 /* MobileCoreServices.framework in Frameworks */,
				BD2A84AE151FEC3400321E73 /* CoreMedia.framework in Frameworks */,
				BD2A84B9151FEC3400321E73 /* Cordova.framework in Frameworks */,
			);
			runOnlyForDeploymentPostprocessing = 0;
		};
		BD2A848E151FEC3400321E73 /* Frameworks */ = {
			isa = PBXFrameworksBuildPhase;
			buildActionMask = 2147483647;
			files = (
			);
			runOnlyForDeploymentPostprocessing = 0;
		};
/* End PBXFrameworksBuildPhase section */

/* Begin PBXGroup section */
		BD2A8483151FEC3400321E73 = {
			isa = PBXGroup;
			children = (
				BD2A84ED151FECBD00321E73 /* www */,
				BD2A84AF151FEC3400321E73 /* flickr-stream */,
				BD2A8494151FEC3400321E73 /* Frameworks */,
				BD2A8492151FEC3400321E73 /* Products */,
			);
			sourceTree = "<group>";
		};
		BD2A8492151FEC3400321E73 /* Products */ = {
			isa = PBXGroup;
			children = (
				BD2A8491151FEC3400321E73 /* flickr-stream.app */,
			);
			name = Products;
			sourceTree = "<group>";
		};
		BD2A8494151FEC3400321E73 /* Frameworks */ = {
			isa = PBXGroup;
			children = (
				BDC5FE801527938E0058A299 /* CoreVideo.framework */,
				BD2A8495151FEC3400321E73 /* Foundation.framework */,
				BD2A8497151FEC3400321E73 /* UIKit.framework */,
				BD2A8499151FEC3400321E73 /* CoreGraphics.framework */,
				BD2A849B151FEC3400321E73 /* AddressBook.framework */,
				BD2A849D151FEC3400321E73 /* AddressBookUI.framework */,
				BD2A849F151FEC3400321E73 /* AudioToolbox.framework */,
				BD2A84A1151FEC3400321E73 /* AVFoundation.framework */,
				BD2A84A3151FEC3400321E73 /* CoreLocation.framework */,
				BD2A84A5151FEC3400321E73 /* MediaPlayer.framework */,
				BD2A84A7151FEC3400321E73 /* QuartzCore.framework */,
				BD2A84A9151FEC3400321E73 /* SystemConfiguration.framework */,
				BD2A84AB151FEC3400321E73 /* MobileCoreServices.framework */,
				BD2A84AD151FEC3400321E73 /* CoreMedia.framework */,
			);
			name = Frameworks;
			sourceTree = "<group>";
		};
		BD2A84AF151FEC3400321E73 /* flickr-stream */ = {
			isa = PBXGroup;
			children = (
				BD2A84B8151FEC3400321E73 /* Cordova.framework */,
				BD2A84BA151FEC3400321E73 /* Resources */,
				BD2A84DB151FEC3400321E73 /* Classes */,
				BD2A84E4151FEC3400321E73 /* Plugins */,
				BD2A84B0151FEC3400321E73 /* Supporting Files */,
			);
			path = "flickr-stream";
			sourceTree = "<group>";
		};
		BD2A84B0151FEC3400321E73 /* Supporting Files */ = {
			isa = PBXGroup;
			children = (
				BD2A84B1151FEC3400321E73 /* flickr-stream-Info.plist */,
				BD2A84B2151FEC3400321E73 /* InfoPlist.strings */,
				BD2A84B5151FEC3400321E73 /* main.m */,
				BD2A84B7151FEC3400321E73 /* flickr-stream-Prefix.pch */,
				BD2A84D9151FEC3400321E73 /* Cordova.plist */,
				BD2A84E2151FEC3400321E73 /* MainViewController.xib */,
				BD2A84E6151FEC3400321E73 /* verify.sh */,
			);
			name = "Supporting Files";
			sourceTree = "<group>";
		};
		BD2A84BA151FEC3400321E73 /* Resources */ = {
			isa = PBXGroup;
			children = (
				BDC5FE6315265D440058A299 /* test.jpg */,
				BD2A84D7151FEC3400321E73 /* Capture.bundle */,
				BD2A84BB151FEC3400321E73 /* en.lproj */,
				BD2A84BF151FEC3400321E73 /* es.lproj */,
				BD2A84C3151FEC3400321E73 /* de.lproj */,
				BD2A84C7151FEC3400321E73 /* se.lproj */,
				BD2A84CB151FEC3400321E73 /* icons */,
				BD2A84D2151FEC3400321E73 /* splash */,
			);
			name = Resources;
			sourceTree = "<group>";
		};
		BD2A84BB151FEC3400321E73 /* en.lproj */ = {
			isa = PBXGroup;
			children = (
				BD2A84BC151FEC3400321E73 /* Localizable.strings */,
			);
			name = en.lproj;
			sourceTree = "<group>";
		};
		BD2A84BF151FEC3400321E73 /* es.lproj */ = {
			isa = PBXGroup;
			children = (
				BD2A84C0151FEC3400321E73 /* Localizable.strings */,
			);
			name = es.lproj;
			sourceTree = "<group>";
		};
		BD2A84C3151FEC3400321E73 /* de.lproj */ = {
			isa = PBXGroup;
			children = (
				BD2A84C4151FEC3400321E73 /* Localizable.strings */,
			);
			name = de.lproj;
			sourceTree = "<group>";
		};
		BD2A84C7151FEC3400321E73 /* se.lproj */ = {
			isa = PBXGroup;
			children = (
				BD2A84C8151FEC3400321E73 /* Localizable.strings */,
			);
			name = se.lproj;
			sourceTree = "<group>";
		};
		BD2A84CB151FEC3400321E73 /* icons */ = {
			isa = PBXGroup;
			children = (
				BD2A84CC151FEC3400321E73 /* icon.png */,
				BD2A84CE151FEC3400321E73 /* icon@2x.png */,
				BD2A84D0151FEC3400321E73 /* icon-72.png */,
			);
			name = icons;
			sourceTree = "<group>";
		};
		BD2A84D2151FEC3400321E73 /* splash */ = {
			isa = PBXGroup;
			children = (
				BD2A84D3151FEC3400321E73 /* Default.png */,
				BD2A84D5151FEC3400321E73 /* Default@2x.png */,
			);
			name = splash;
			sourceTree = "<group>";
		};
		BD2A84DB151FEC3400321E73 /* Classes */ = {
			isa = PBXGroup;
			children = (
				BD2A84DC151FEC3400321E73 /* AppDelegate.h */,
				BD2A84DD151FEC3400321E73 /* AppDelegate.m */,
				BD2A84DF151FEC3400321E73 /* MainViewController.h */,
				BD2A84E0151FEC3400321E73 /* MainViewController.m */,
				BDC5FE6A152749660058A299 /* NSString+NSStringAdditions.h */,
				BDC5FE6B152749660058A299 /* NSString+NSStringAdditions.m */,
			);
			name = Classes;
			sourceTree = "<group>";
		};
		BD2A84E4151FEC3400321E73 /* Plugins */ = {
			isa = PBXGroup;
			children = (
				BDC5FE8B1527ADC20058A299 /* FlickrStreamCaptureProcessor.h */,
				BDC5FE8C1527ADC20058A299 /* FlickrStreamCaptureProcessor.m */,
				BDC5FE7315277E900058A299 /* FlickrAVCaptureStream.h */,
				BDC5FE7415277E900058A299 /* FlickrAVCaptureStream.m */,
				BDC5FE7515277E900058A299 /* FlickrStreamCaptureViewController.h */,
				BDC5FE7615277E900058A299 /* FlickrStreamCaptureViewController.m */,
				BD2A84E5151FEC3400321E73 /* README */,
			);
			name = Plugins;
			sourceTree = "<group>";
		};
/* End PBXGroup section */

/* Begin PBXNativeTarget section */
		BD2A8490151FEC3400321E73 /* flickr-stream */ = {
			isa = PBXNativeTarget;
			buildConfigurationList = BD2A84EA151FEC3400321E73 /* Build configuration list for PBXNativeTarget "flickr-stream" */;
			buildPhases = (
				BD2A848A151FEC3400321E73 /* Sources */,
				BD2A848B151FEC3400321E73 /* Frameworks */,
				BD2A848C151FEC3400321E73 /* Resources */,
				BD2A848D151FEC3400321E73 /* Sources */,
				BD2A848E151FEC3400321E73 /* Frameworks */,
				BD2A848F151FEC3400321E73 /* ShellScript */,
			);
			buildRules = (
			);
			dependencies = (
			);
			name = "flickr-stream";
			productName = "flickr-stream";
			productReference = BD2A8491151FEC3400321E73 /* flickr-stream.app */;
			productType = "com.apple.product-type.application";
		};
/* End PBXNativeTarget section */

/* Begin PBXProject section */
		BD2A8485151FEC3400321E73 /* Project object */ = {
			isa = PBXProject;
			attributes = {
				LastUpgradeCheck = 0430;
			};
			buildConfigurationList = BD2A8488151FEC3400321E73 /* Build configuration list for PBXProject "flickr-stream" */;
			compatibilityVersion = "Xcode 3.2";
			developmentRegion = English;
			hasScannedForEncodings = 0;
			knownRegions = (
				en,
				es,
				de,
				se,
			);
			mainGroup = BD2A8483151FEC3400321E73;
			productRefGroup = BD2A8492151FEC3400321E73 /* Products */;
			projectDirPath = "";
			projectRoot = "";
			targets = (
				BD2A8490151FEC3400321E73 /* flickr-stream */,
			);
		};
/* End PBXProject section */

/* Begin PBXResourcesBuildPhase section */
		BD2A848C151FEC3400321E73 /* Resources */ = {
			isa = PBXResourcesBuildPhase;
			buildActionMask = 2147483647;
			files = (
				BD2A84B4151FEC3400321E73 /* InfoPlist.strings in Resources */,
				BD2A84BE151FEC3400321E73 /* Localizable.strings in Resources */,
				BD2A84C2151FEC3400321E73 /* Localizable.strings in Resources */,
				BD2A84C6151FEC3400321E73 /* Localizable.strings in Resources */,
				BD2A84CA151FEC3400321E73 /* Localizable.strings in Resources */,
				BD2A84CD151FEC3400321E73 /* icon.png in Resources */,
				BD2A84CF151FEC3400321E73 /* icon@2x.png in Resources */,
				BD2A84D1151FEC3400321E73 /* icon-72.png in Resources */,
				BD2A84D4151FEC3400321E73 /* Default.png in Resources */,
				BD2A84D6151FEC3400321E73 /* Default@2x.png in Resources */,
				BD2A84D8151FEC3400321E73 /* Capture.bundle in Resources */,
				BD2A84DA151FEC3400321E73 /* Cordova.plist in Resources */,
				BD2A84E3151FEC3400321E73 /* MainViewController.xib in Resources */,
				BD2A84E7151FEC3400321E73 /* verify.sh in Resources */,
				BD2A84EE151FECBD00321E73 /* www in Resources */,
				BDC5FE6415265D440058A299 /* test.jpg in Resources */,
			);
			runOnlyForDeploymentPostprocessing = 0;
		};
/* End PBXResourcesBuildPhase section */

/* Begin PBXShellScriptBuildPhase section */
		BD2A848F151FEC3400321E73 /* ShellScript */ = {
			isa = PBXShellScriptBuildPhase;
			buildActionMask = 2147483647;
			files = (
			);
			inputPaths = (
			);
			outputPaths = (
			);
			runOnlyForDeploymentPostprocessing = 0;
			shellPath = /bin/bash;
			shellScript = "\n\t\t\t\t\t\t\t\tchmod 755 $PROJECT_DIR/$PROJECT_NAME/verify.sh\n\t\t\t\t\t\t\t\t$PROJECT_DIR/$PROJECT_NAME/verify.sh\n\t\t\t\t\t";
		};
/* End PBXShellScriptBuildPhase section */

/* Begin PBXSourcesBuildPhase section */
		BD2A848A151FEC3400321E73 /* Sources */ = {
			isa = PBXSourcesBuildPhase;
			buildActionMask = 2147483647;
			files = (
				BD2A84B6151FEC3400321E73 /* main.m in Sources */,
				BD2A84DE151FEC3400321E73 /* AppDelegate.m in Sources */,
				BD2A84E1151FEC3400321E73 /* MainViewController.m in Sources */,
				BDC5FE6C152749660058A299 /* NSString+NSStringAdditions.m in Sources */,
				BDC5FE7715277E900058A299 /* FlickrAVCaptureStream.m in Sources */,
				BDC5FE7815277E900058A299 /* FlickrStreamCaptureViewController.m in Sources */,
				BDC5FE8D1527ADC20058A299 /* FlickrStreamCaptureProcessor.m in Sources */,
			);
			runOnlyForDeploymentPostprocessing = 0;
		};
		BD2A848D151FEC3400321E73 /* Sources */ = {
			isa = PBXSourcesBuildPhase;
			buildActionMask = 2147483647;
			files = (
			);
			runOnlyForDeploymentPostprocessing = 0;
		};
/* End PBXSourcesBuildPhase section */

/* Begin PBXVariantGroup section */
		BD2A84B2151FEC3400321E73 /* InfoPlist.strings */ = {
			isa = PBXVariantGroup;
			children = (
				BD2A84B3151FEC3400321E73 /* en */,
			);
			name = InfoPlist.strings;
			sourceTree = "<group>";
		};
		BD2A84BC151FEC3400321E73 /* Localizable.strings */ = {
			isa = PBXVariantGroup;
			children = (
				BD2A84BD151FEC3400321E73 /* en */,
			);
			name = Localizable.strings;
			sourceTree = "<group>";
		};
		BD2A84C0151FEC3400321E73 /* Localizable.strings */ = {
			isa = PBXVariantGroup;
			children = (
				BD2A84C1151FEC3400321E73 /* es */,
			);
			name = Localizable.strings;
			sourceTree = "<group>";
		};
		BD2A84C4151FEC3400321E73 /* Localizable.strings */ = {
			isa = PBXVariantGroup;
			children = (
				BD2A84C5151FEC3400321E73 /* de */,
			);
			name = Localizable.strings;
			sourceTree = "<group>";
		};
		BD2A84C8151FEC3400321E73 /* Localizable.strings */ = {
			isa = PBXVariantGroup;
			children = (
				BD2A84C9151FEC3400321E73 /* se */,
			);
			name = Localizable.strings;
			sourceTree = "<group>";
		};
/* End PBXVariantGroup section */

/* Begin XCBuildConfiguration section */
		BD2A84E8151FEC3400321E73 /* Debug */ = {
			isa = XCBuildConfiguration;
			buildSettings = {
				ALWAYS_SEARCH_USER_PATHS = NO;
				ARCHS = (
					armv6,
					"$(ARCHS_STANDARD_32_BIT)",
				);
				"CODE_SIGN_IDENTITY[sdk=iphoneos*]" = "iPhone Developer";
				COPY_PHASE_STRIP = NO;
				GCC_C_LANGUAGE_STANDARD = gnu99;
				GCC_DYNAMIC_NO_PIC = NO;
				GCC_OPTIMIZATION_LEVEL = 0;
				GCC_PREPROCESSOR_DEFINITIONS = (
					"DEBUG=1",
					"$(inherited)",
				);
				GCC_SYMBOLS_PRIVATE_EXTERN = NO;
				GCC_VERSION = com.apple.compilers.llvm.clang.1_0;
				GCC_WARN_ABOUT_RETURN_TYPE = YES;
				GCC_WARN_UNINITIALIZED_AUTOS = YES;
				GCC_WARN_UNUSED_VARIABLE = YES;
				IPHONEOS_DEPLOYMENT_TARGET = 4.0;
				SDKROOT = iphoneos;
			};
			name = Debug;
		};
		BD2A84E9151FEC3400321E73 /* Release */ = {
			isa = XCBuildConfiguration;
			buildSettings = {
				ALWAYS_SEARCH_USER_PATHS = NO;
				ARCHS = (
					armv6,
					"$(ARCHS_STANDARD_32_BIT)",
				);
				"CODE_SIGN_IDENTITY[sdk=iphoneos*]" = "iPhone Developer";
				COPY_PHASE_STRIP = YES;
				GCC_C_LANGUAGE_STANDARD = gnu99;
				GCC_VERSION = com.apple.compilers.llvm.clang.1_0;
				GCC_WARN_ABOUT_RETURN_TYPE = YES;
				GCC_WARN_UNINITIALIZED_AUTOS = YES;
				GCC_WARN_UNUSED_VARIABLE = YES;
				IPHONEOS_DEPLOYMENT_TARGET = 4.0;
				SDKROOT = iphoneos;
				VALIDATE_PRODUCT = YES;
			};
			name = Release;
		};
		BD2A84EB151FEC3400321E73 /* Debug */ = {
			isa = XCBuildConfiguration;
			buildSettings = {
				ALWAYS_SEARCH_USER_PATHS = YES;
				COPY_PHASE_STRIP = NO;
				FRAMEWORK_SEARCH_PATHS = /Users/Shared/Cordova/Frameworks;
				GCC_DYNAMIC_NO_PIC = NO;
				GCC_PRECOMPILE_PREFIX_HEADER = YES;
				GCC_PREFIX_HEADER = "flickr-stream/flickr-stream-Prefix.pch";
				GCC_PREPROCESSOR_DEFINITIONS = (
					"DEBUG=1,",
					"CORDOVA_FRAMEWORK=1",
				);
				INFOPLIST_FILE = "flickr-stream/flickr-stream-Info.plist";
				IPHONEOS_DEPLOYMENT_TARGET = 4.0;
				OTHER_LDFLAGS = (
					"-weak_framework",
					UIKit,
					"-weak_framework",
					AVFoundation,
					"-weak_framework",
					CoreMedia,
					"-weak_library",
					/usr/lib/libSystem.B.dylib,
				);
				PRODUCT_NAME = "$(TARGET_NAME)";
				TARGETED_DEVICE_FAMILY = "1,2";
				WRAPPER_EXTENSION = app;
			};
			name = Debug;
		};
		BD2A84EC151FEC3400321E73 /* Release */ = {
			isa = XCBuildConfiguration;
			buildSettings = {
				ALWAYS_SEARCH_USER_PATHS = YES;
				COPY_PHASE_STRIP = YES;
				DEBUG_INFORMATION_FORMAT = "dwarf-with-dsym";
				FRAMEWORK_SEARCH_PATHS = /Users/Shared/Cordova/Frameworks;
				GCC_PRECOMPILE_PREFIX_HEADER = YES;
				GCC_PREFIX_HEADER = "flickr-stream/flickr-stream-Prefix.pch";
				GCC_PREPROCESSOR_DEFINITIONS = (
					"NDEBUG=1,",
					"CORDOVA_FRAMEWORK=1",
				);
				INFOPLIST_FILE = "flickr-stream/flickr-stream-Info.plist";
				IPHONEOS_DEPLOYMENT_TARGET = 4.0;
				OTHER_LDFLAGS = (
					"-weak_framework",
					UIKit,
					"-weak_framework",
					AVFoundation,
					"-weak_framework",
					CoreMedia,
					"-weak_library",
					/usr/lib/libSystem.B.dylib,
				);
				PRODUCT_NAME = "$(TARGET_NAME)";
				TARGETED_DEVICE_FAMILY = "1,2";
				VALIDATE_PRODUCT = YES;
				WRAPPER_EXTENSION = app;
			};
			name = Release;
		};
/* End XCBuildConfiguration section */

/* Begin XCConfigurationList section */
		BD2A8488151FEC3400321E73 /* Build configuration list for PBXProject "flickr-stream" */ = {
			isa = XCConfigurationList;
			buildConfigurations = (
				BD2A84E8151FEC3400321E73 /* Debug */,
				BD2A84E9151FEC3400321E73 /* Release */,
			);
			defaultConfigurationIsVisible = 0;
			defaultConfigurationName = Release;
		};
		BD2A84EA151FEC3400321E73 /* Build configuration list for PBXNativeTarget "flickr-stream" */ = {
			isa = XCConfigurationList;
			buildConfigurations = (
				BD2A84EB151FEC3400321E73 /* Debug */,
				BD2A84EC151FEC3400321E73 /* Release */,
			);
			defaultConfigurationIsVisible = 0;
			defaultConfigurationName = Release;
		};
/* End XCConfigurationList section */
	};
	rootObject = BD2A8485151FEC3400321E73 /* Project object */;
}
